<?xml version="1.0" encoding="UTF-8"?>
<CodeBlocks_project_file>
	<FileVersion major="1" minor="6"/>
	<Project>
		<Option title="pump"/>
		<Option makefile_is_custom="1"/>
		<Option compiler="gcc"/>
		<Option virtualFolders="CMake Files\;"/>
		<Build>
			<Target title="all">
				<Option working_dir="/Users/finefenng/WorkSpace/cpp/pump"/>
				<Option type="4"/>
				<MakeCommands>
					<Build command="/usr/bin/make -f &quot;/Users/finefenng/WorkSpace/cpp/pump/Makefile&quot;  VERBOSE=1 all"/>
					<CompileFile command="/usr/bin/make -f &quot;/Users/finefenng/WorkSpace/cpp/pump/Makefile&quot;  VERBOSE=1 &quot;$file&quot;"/>
					<Clean command="/usr/bin/make -f &quot;/Users/finefenng/WorkSpace/cpp/pump/Makefile&quot;  VERBOSE=1 clean"/>
					<DistClean command="/usr/bin/make -f &quot;/Users/finefenng/WorkSpace/cpp/pump/Makefile&quot;  VERBOSE=1 clean"/>
				</MakeCommands>
			</Target>
			<Target title="SelectTest">
				<Option output="/Users/finefenng/WorkSpace/cpp/pump/SelectTest" prefix_auto="0" extension_auto="0"/>
				<Option working_dir="/Users/finefenng/WorkSpace/cpp/pump"/>
				<Option object_output="./"/>
				<Option type="1"/>
				<Option compiler="gcc"/>
				<Compiler>
					<Add directory="/Users/finefenng/WorkSpace/cpp/pump/include"/>
				</Compiler>
				<MakeCommands>
					<Build command="/usr/bin/make -f &quot;/Users/finefenng/WorkSpace/cpp/pump/Makefile&quot;  VERBOSE=1 SelectTest"/>
					<CompileFile command="/usr/bin/make -f &quot;/Users/finefenng/WorkSpace/cpp/pump/Makefile&quot;  VERBOSE=1 &quot;$file&quot;"/>
					<Clean command="/usr/bin/make -f &quot;/Users/finefenng/WorkSpace/cpp/pump/Makefile&quot;  VERBOSE=1 clean"/>
					<DistClean command="/usr/bin/make -f &quot;/Users/finefenng/WorkSpace/cpp/pump/Makefile&quot;  VERBOSE=1 clean"/>
				</MakeCommands>
			</Target>
			<Target title="SelectTest/fast">
				<Option output="/Users/finefenng/WorkSpace/cpp/pump/SelectTest" prefix_auto="0" extension_auto="0"/>
				<Option working_dir="/Users/finefenng/WorkSpace/cpp/pump"/>
				<Option object_output="./"/>
				<Option type="1"/>
				<Option compiler="gcc"/>
				<Compiler>
					<Add directory="/Users/finefenng/WorkSpace/cpp/pump/include"/>
				</Compiler>
				<MakeCommands>
					<Build command="/usr/bin/make -f &quot;/Users/finefenng/WorkSpace/cpp/pump/Makefile&quot;  VERBOSE=1 SelectTest/fast"/>
					<CompileFile command="/usr/bin/make -f &quot;/Users/finefenng/WorkSpace/cpp/pump/Makefile&quot;  VERBOSE=1 &quot;$file&quot;"/>
					<Clean command="/usr/bin/make -f &quot;/Users/finefenng/WorkSpace/cpp/pump/Makefile&quot;  VERBOSE=1 clean"/>
					<DistClean command="/usr/bin/make -f &quot;/Users/finefenng/WorkSpace/cpp/pump/Makefile&quot;  VERBOSE=1 clean"/>
				</MakeCommands>
			</Target>
			<Target title="rebuild_cache">
				<Option working_dir="/Users/finefenng/WorkSpace/cpp/pump"/>
				<Option type="4"/>
				<MakeCommands>
					<Build command="/usr/bin/make -f &quot;/Users/finefenng/WorkSpace/cpp/pump/Makefile&quot;  VERBOSE=1 rebuild_cache"/>
					<CompileFile command="/usr/bin/make -f &quot;/Users/finefenng/WorkSpace/cpp/pump/Makefile&quot;  VERBOSE=1 &quot;$file&quot;"/>
					<Clean command="/usr/bin/make -f &quot;/Users/finefenng/WorkSpace/cpp/pump/Makefile&quot;  VERBOSE=1 clean"/>
					<DistClean command="/usr/bin/make -f &quot;/Users/finefenng/WorkSpace/cpp/pump/Makefile&quot;  VERBOSE=1 clean"/>
				</MakeCommands>
			</Target>
			<Target title="edit_cache">
				<Option working_dir="/Users/finefenng/WorkSpace/cpp/pump"/>
				<Option type="4"/>
				<MakeCommands>
					<Build command="/usr/bin/make -f &quot;/Users/finefenng/WorkSpace/cpp/pump/Makefile&quot;  VERBOSE=1 edit_cache"/>
					<CompileFile command="/usr/bin/make -f &quot;/Users/finefenng/WorkSpace/cpp/pump/Makefile&quot;  VERBOSE=1 &quot;$file&quot;"/>
					<Clean command="/usr/bin/make -f &quot;/Users/finefenng/WorkSpace/cpp/pump/Makefile&quot;  VERBOSE=1 clean"/>
					<DistClean command="/usr/bin/make -f &quot;/Users/finefenng/WorkSpace/cpp/pump/Makefile&quot;  VERBOSE=1 clean"/>
				</MakeCommands>
			</Target>
			<Target title="pump_net">
				<Option output="/Users/finefenng/WorkSpace/cpp/pump/libpump_net.a" prefix_auto="0" extension_auto="0"/>
				<Option working_dir="/Users/finefenng/WorkSpace/cpp/pump"/>
				<Option object_output="./"/>
				<Option type="2"/>
				<Option compiler="gcc"/>
				<Compiler>
					<Add directory="/Users/finefenng/WorkSpace/cpp/pump/include"/>
				</Compiler>
				<MakeCommands>
					<Build command="/usr/bin/make -f &quot;/Users/finefenng/WorkSpace/cpp/pump/Makefile&quot;  VERBOSE=1 pump_net"/>
					<CompileFile command="/usr/bin/make -f &quot;/Users/finefenng/WorkSpace/cpp/pump/Makefile&quot;  VERBOSE=1 &quot;$file&quot;"/>
					<Clean command="/usr/bin/make -f &quot;/Users/finefenng/WorkSpace/cpp/pump/Makefile&quot;  VERBOSE=1 clean"/>
					<DistClean command="/usr/bin/make -f &quot;/Users/finefenng/WorkSpace/cpp/pump/Makefile&quot;  VERBOSE=1 clean"/>
				</MakeCommands>
			</Target>
			<Target title="pump_net/fast">
				<Option output="/Users/finefenng/WorkSpace/cpp/pump/libpump_net.a" prefix_auto="0" extension_auto="0"/>
				<Option working_dir="/Users/finefenng/WorkSpace/cpp/pump"/>
				<Option object_output="./"/>
				<Option type="2"/>
				<Option compiler="gcc"/>
				<Compiler>
					<Add directory="/Users/finefenng/WorkSpace/cpp/pump/include"/>
				</Compiler>
				<MakeCommands>
					<Build command="/usr/bin/make -f &quot;/Users/finefenng/WorkSpace/cpp/pump/Makefile&quot;  VERBOSE=1 pump_net/fast"/>
					<CompileFile command="/usr/bin/make -f &quot;/Users/finefenng/WorkSpace/cpp/pump/Makefile&quot;  VERBOSE=1 &quot;$file&quot;"/>
					<Clean command="/usr/bin/make -f &quot;/Users/finefenng/WorkSpace/cpp/pump/Makefile&quot;  VERBOSE=1 clean"/>
					<DistClean command="/usr/bin/make -f &quot;/Users/finefenng/WorkSpace/cpp/pump/Makefile&quot;  VERBOSE=1 clean"/>
				</MakeCommands>
			</Target>
			<Target title="pump_utiliy">
				<Option output="/Users/finefenng/WorkSpace/cpp/pump/libpump_utiliy.a" prefix_auto="0" extension_auto="0"/>
				<Option working_dir="/Users/finefenng/WorkSpace/cpp/pump"/>
				<Option object_output="./"/>
				<Option type="2"/>
				<Option compiler="gcc"/>
				<Compiler>
					<Add directory="/Users/finefenng/WorkSpace/cpp/pump/include"/>
				</Compiler>
				<MakeCommands>
					<Build command="/usr/bin/make -f &quot;/Users/finefenng/WorkSpace/cpp/pump/Makefile&quot;  VERBOSE=1 pump_utiliy"/>
					<CompileFile command="/usr/bin/make -f &quot;/Users/finefenng/WorkSpace/cpp/pump/Makefile&quot;  VERBOSE=1 &quot;$file&quot;"/>
					<Clean command="/usr/bin/make -f &quot;/Users/finefenng/WorkSpace/cpp/pump/Makefile&quot;  VERBOSE=1 clean"/>
					<DistClean command="/usr/bin/make -f &quot;/Users/finefenng/WorkSpace/cpp/pump/Makefile&quot;  VERBOSE=1 clean"/>
				</MakeCommands>
			</Target>
			<Target title="pump_utiliy/fast">
				<Option output="/Users/finefenng/WorkSpace/cpp/pump/libpump_utiliy.a" prefix_auto="0" extension_auto="0"/>
				<Option working_dir="/Users/finefenng/WorkSpace/cpp/pump"/>
				<Option object_output="./"/>
				<Option type="2"/>
				<Option compiler="gcc"/>
				<Compiler>
					<Add directory="/Users/finefenng/WorkSpace/cpp/pump/include"/>
				</Compiler>
				<MakeCommands>
					<Build command="/usr/bin/make -f &quot;/Users/finefenng/WorkSpace/cpp/pump/Makefile&quot;  VERBOSE=1 pump_utiliy/fast"/>
					<CompileFile command="/usr/bin/make -f &quot;/Users/finefenng/WorkSpace/cpp/pump/Makefile&quot;  VERBOSE=1 &quot;$file&quot;"/>
					<Clean command="/usr/bin/make -f &quot;/Users/finefenng/WorkSpace/cpp/pump/Makefile&quot;  VERBOSE=1 clean"/>
					<DistClean command="/usr/bin/make -f &quot;/Users/finefenng/WorkSpace/cpp/pump/Makefile&quot;  VERBOSE=1 clean"/>
				</MakeCommands>
			</Target>
		</Build>
		<Unit filename="/Users/finefenng/WorkSpace/cpp/pump/include/pump/BytesHelper.h">
			<Option target="pump_net"/>
		</Unit>
		<Unit filename="/Users/finefenng/WorkSpace/cpp/pump/include/pump/Common.h">
			<Option target="pump_net"/>
		</Unit>
		<Unit filename="/Users/finefenng/WorkSpace/cpp/pump/include/pump/Macros.h">
			<Option target="pump_net"/>
		</Unit>
		<Unit filename="/Users/finefenng/WorkSpace/cpp/pump/include/pump/Packet.h">
			<Option target="pump_net"/>
		</Unit>
		<Unit filename="/Users/finefenng/WorkSpace/cpp/pump/include/pump/Types.h">
			<Option target="pump_net"/>
		</Unit>
		<Unit filename="/Users/finefenng/WorkSpace/cpp/pump/include/pump/config/Constants.h">
			<Option target="pump_net"/>
		</Unit>
		<Unit filename="/Users/finefenng/WorkSpace/cpp/pump/include/pump/config/Platform.h">
			<Option target="pump_net"/>
		</Unit>
		<Unit filename="/Users/finefenng/WorkSpace/cpp/pump/include/pump/net/Acceptor.h">
			<Option target="pump_net"/>
		</Unit>
		<Unit filename="/Users/finefenng/WorkSpace/cpp/pump/include/pump/net/BackendAbstract.h">
			<Option target="pump_net"/>
		</Unit>
		<Unit filename="/Users/finefenng/WorkSpace/cpp/pump/include/pump/net/Buffer.h">
			<Option target="pump_net"/>
		</Unit>
		<Unit filename="/Users/finefenng/WorkSpace/cpp/pump/include/pump/net/EventLoop.h">
			<Option target="pump_net"/>
		</Unit>
		<Unit filename="/Users/finefenng/WorkSpace/cpp/pump/include/pump/net/Socket.h">
			<Option target="pump_net"/>
		</Unit>
		<Unit filename="/Users/finefenng/WorkSpace/cpp/pump/include/pump/net/SocketAddress.h">
			<Option target="pump_net"/>
		</Unit>
		<Unit filename="/Users/finefenng/WorkSpace/cpp/pump/include/pump/net/SocketOption.h">
			<Option target="pump_net"/>
		</Unit>
		<Unit filename="/Users/finefenng/WorkSpace/cpp/pump/include/pump/net/TcpConnection.h">
			<Option target="pump_net"/>
		</Unit>
		<Unit filename="/Users/finefenng/WorkSpace/cpp/pump/include/pump/net/TcpServer.h">
			<Option target="pump_net"/>
		</Unit>
		<Unit filename="/Users/finefenng/WorkSpace/cpp/pump/include/pump/net/WatchAbstract.h">
			<Option target="pump_net"/>
		</Unit>
		<Unit filename="/Users/finefenng/WorkSpace/cpp/pump/include/pump/net/backend/Epoll.h">
			<Option target="pump_net"/>
		</Unit>
		<Unit filename="/Users/finefenng/WorkSpace/cpp/pump/include/pump/net/backend/Poll.h">
			<Option target="pump_net"/>
		</Unit>
		<Unit filename="/Users/finefenng/WorkSpace/cpp/pump/include/pump/net/backend/Select.h">
			<Option target="pump_net"/>
		</Unit>
		<Unit filename="/Users/finefenng/WorkSpace/cpp/pump/include/pump/net/handle/Hlen.h">
			<Option target="pump_net"/>
		</Unit>
		<Unit filename="/Users/finefenng/WorkSpace/cpp/pump/include/pump/net/server/EchoServer.h">
			<Option target="pump_net"/>
		</Unit>
		<Unit filename="/Users/finefenng/WorkSpace/cpp/pump/include/pump/utility/SourceFile.h">
			<Option target="pump_utiliy"/>
		</Unit>
		<Unit filename="/Users/finefenng/WorkSpace/cpp/pump/include/pump/utility/log/LogStream.h">
			<Option target="pump_utiliy"/>
		</Unit>
		<Unit filename="/Users/finefenng/WorkSpace/cpp/pump/include/pump/utility/log/Logger.h">
			<Option target="pump_utiliy"/>
		</Unit>
		<Unit filename="/Users/finefenng/WorkSpace/cpp/pump/src/net/Acceptor.cpp">
			<Option target="pump_net"/>
		</Unit>
		<Unit filename="/Users/finefenng/WorkSpace/cpp/pump/src/net/Buffer.cpp">
			<Option target="pump_net"/>
		</Unit>
		<Unit filename="/Users/finefenng/WorkSpace/cpp/pump/src/net/EventLoop.cpp">
			<Option target="pump_net"/>
		</Unit>
		<Unit filename="/Users/finefenng/WorkSpace/cpp/pump/src/net/SocketAddress.cpp">
			<Option target="pump_net"/>
		</Unit>
		<Unit filename="/Users/finefenng/WorkSpace/cpp/pump/src/net/TcpConnection.cpp">
			<Option target="pump_net"/>
		</Unit>
		<Unit filename="/Users/finefenng/WorkSpace/cpp/pump/src/net/TcpServer.cpp">
			<Option target="pump_net"/>
		</Unit>
		<Unit filename="/Users/finefenng/WorkSpace/cpp/pump/src/net/backend/Epoll.cpp">
			<Option target="pump_net"/>
		</Unit>
		<Unit filename="/Users/finefenng/WorkSpace/cpp/pump/src/net/backend/Poll.cpp">
			<Option target="pump_net"/>
		</Unit>
		<Unit filename="/Users/finefenng/WorkSpace/cpp/pump/src/net/backend/Select.cpp">
			<Option target="pump_net"/>
		</Unit>
		<Unit filename="/Users/finefenng/WorkSpace/cpp/pump/src/net/watcher/IO_Watcher.cpp">
			<Option target="pump_net"/>
		</Unit>
		<Unit filename="/Users/finefenng/WorkSpace/cpp/pump/src/utility/log/LogStream.cpp">
			<Option target="pump_utiliy"/>
		</Unit>
		<Unit filename="/Users/finefenng/WorkSpace/cpp/pump/src/utility/log/Logger.cpp">
			<Option target="pump_utiliy"/>
		</Unit>
		<Unit filename="/Users/finefenng/WorkSpace/cpp/pump/test/SelectTest.cpp">
			<Option target="SelectTest"/>
		</Unit>
		<Unit filename="/Users/finefenng/WorkSpace/cpp/pump/CMakeLists.txt">
			<Option virtualFolder="CMake Files\"/>
		</Unit>
	</Project>
</CodeBlocks_project_file>
